{
  "name": "@patreon-api.ts/nodejs-cjs",
  "version": "1.0.0",
  "lockfileVersion": 3,
  "requires": true,
  "packages": {
    "": {
      "name": "@patreon-api.ts/nodejs-cjs",
      "version": "1.0.0",
      "license": "MIT",
      "devDependencies": {
        "@types/node": "^18.19.31",
        "dotenv": "^16.4.5",
        "patreon-api.ts": "../../"
      }
    },
    "../..": {
      "name": "patreon-api.ts",
      "version": "0.7.0",
      "dev": true,
      "license": "MIT",
      "devDependencies": {
        "@eslint/js": "^9.11.1",
        "@types/node": "^18.19.31",
        "@vitest/coverage-istanbul": "^2.1.2",
        "eslint": "^9.11.1",
        "eslint-plugin-jsdoc": "^50.3.1",
        "ts-morph": "^23.0.0",
        "tsup": "^8.3.0",
        "typescript": "^5.6.2",
        "typescript-eslint": "^8.8.0",
        "vitest": "2.1.2"
      },
      "engines": {
        "node": ">=18.17"
      }
    },
    "node_modules/@types/node": {
      "version": "18.19.54",
      "resolved": "https://registry.npmjs.org/@types/node/-/node-18.19.54.tgz",
      "integrity": "sha512-+BRgt0G5gYjTvdLac9sIeE0iZcJxi4Jc4PV5EUzqi+88jmQLr+fRZdv2tCTV7IHKSGxM6SaLoOXQWWUiLUItMw==",
      "dev": true,
      "dependencies": {
        "undici-types": "~5.26.4"
      }
    },
    "node_modules/dotenv": {
      "version": "16.4.5",
      "resolved": "https://registry.npmjs.org/dotenv/-/dotenv-16.4.5.tgz",
      "integrity": "sha512-ZmdL2rui+eB2YwhsWzjInR8LldtZHGDoQ1ugH85ppHKwpUHL7j7rN0Ti9NCnGiQbhaZ11FpR+7ao1dNsmduNUg==",
      "dev": true,
      "engines": {
        "node": ">=12"
      },
      "funding": {
        "url": "https://dotenvx.com"
      }
    },
    "node_modules/patreon-api.ts": {
      "resolved": "../..",
      "link": true
    },
    "node_modules/undici-types": {
      "version": "5.26.5",
      "resolved": "https://registry.npmjs.org/undici-types/-/undici-types-5.26.5.tgz",
      "integrity": "sha512-JlCMO+ehdEIKqlFxk6IfVoAUVmgz7cU7zD/h9XZ0qzeosSHmUJVOzSQvvYSYWXkFXC+IfLKSIffhv0sVZup6pA==",
      "dev": true
    }
  }
}
