{
  "name": "@patreon-api.ts/nodejs-cjs",
  "version": "1.0.0",
  "lockfileVersion": 3,
  "requires": true,
  "packages": {
    "": {
      "name": "@patreon-api.ts/nodejs-cjs",
      "version": "1.0.0",
      "license": "MIT",
      "devDependencies": {
        "@types/node": "^18.19.31",
        "dotenv": "^16.4.7",
        "patreon-api.ts": "../../"
      }
    },
    "../..": {
      "name": "patreon-api.ts",
      "version": "0.12.1",
      "dev": true,
      "license": "MIT",
      "devDependencies": {
        "@eslint/js": "^9.21.0",
        "@types/node": "^18.19.31",
        "@vitest/coverage-istanbul": "^3.0.7",
        "eslint": "^9.21.0",
        "eslint-plugin-jsdoc": "^50.6.3",
        "openapi-types": "^12.1.3",
        "ts-morph": "^25.0.1",
        "tsup": "^8.4.0",
        "typescript": "^5.8.2",
        "typescript-eslint": "^8.26.0",
        "vitest": "3.0.7"
      },
      "engines": {
        "node": ">=18.17"
      },
      "funding": {
        "url": "https://paypal.me/05ghostrider"
      }
    },
    "node_modules/@types/node": {
      "version": "18.19.54",
      "resolved": "https://registry.npmjs.org/@types/node/-/node-18.19.54.tgz",
      "integrity": "sha512-+BRgt0G5gYjTvdLac9sIeE0iZcJxi4Jc4PV5EUzqi+88jmQLr+fRZdv2tCTV7IHKSGxM6SaLoOXQWWUiLUItMw==",
      "dev": true,
      "dependencies": {
        "undici-types": "~5.26.4"
      }
    },
    "node_modules/dotenv": {
      "version": "16.4.7",
      "resolved": "https://registry.npmjs.org/dotenv/-/dotenv-16.4.7.tgz",
      "integrity": "sha512-47qPchRCykZC03FhkYAhrvwU4xDBFIj1QPqaarj6mdM/hgUzfPHcpkHJOn3mJAufFeeAxAzeGsr5X0M4k6fLZQ==",
      "dev": true,
      "engines": {
        "node": ">=12"
      },
      "funding": {
        "url": "https://dotenvx.com"
      }
    },
    "node_modules/patreon-api.ts": {
      "resolved": "../..",
      "link": true
    },
    "node_modules/undici-types": {
      "version": "5.26.5",
      "resolved": "https://registry.npmjs.org/undici-types/-/undici-types-5.26.5.tgz",
      "integrity": "sha512-JlCMO+ehdEIKqlFxk6IfVoAUVmgz7cU7zD/h9XZ0qzeosSHmUJVOzSQvvYSYWXkFXC+IfLKSIffhv0sVZup6pA==",
      "dev": true
    }
  }
}
